{
  "name": "toms-simple-grid",
  "version": "1.0.0",
  "lockfileVersion": 1,
  "requires": true,
  "dependencies": {
    "toms-sass-helpers": {
      "version": "1.1.0",
      "resolved": "https://registry.npmjs.org/toms-sass-helpers/-/toms-sass-helpers-1.1.0.tgz",
      "integrity": "sha512-JneuyV5ELGJOyl7u5udEgj3Umr+35lf1y2yEc2578s/Ad95aBc0du4ZqEyrY6se/KKarKHNdHwKb5HW0lYV2zg=="
    }
  }
}
